// !$*UTF8*$!
{
	archiveVersion = 1;
	classes = {
	};
	objectVersion = 46;
	objects = {

/* Begin PBXBuildFile section */
		B6C1F4D219F967D1005CA41E /* AppDelegate.swift in Sources */ = {isa = PBXBuildFile; fileRef = B6C1F4D119F967D1005CA41E /* AppDelegate.swift */; };
		B6C1F4D419F967D1005CA41E /* ViewController.swift in Sources */ = {isa = PBXBuildFile; fileRef = B6C1F4D319F967D1005CA41E /* ViewController.swift */; };
		B6C1F4D719F967D1005CA41E /* Main.storyboard in Resources */ = {isa = PBXBuildFile; fileRef = B6C1F4D519F967D1005CA41E /* Main.storyboard */; };
		B6C1F4D919F967D1005CA41E /* Images.xcassets in Resources */ = {isa = PBXBuildFile; fileRef = B6C1F4D819F967D1005CA41E /* Images.xcassets */; };
		B6C1F4DC19F967D1005CA41E /* LaunchScreen.xib in Resources */ = {isa = PBXBuildFile; fileRef = B6C1F4DA19F967D1005CA41E /* LaunchScreen.xib */; };
		B6C1F4E819F967D2005CA41E /* Assignment2Tests.swift in Sources */ = {isa = PBXBuildFile; fileRef = B6C1F4E719F967D2005CA41E /* Assignment2Tests.swift */; };
/* End PBXBuildFile section */

/* Begin PBXContainerItemProxy section */
		B6C1F4E219F967D1005CA41E /* PBXContainerItemProxy */ = {
			isa = PBXContainerItemProxy;
			containerPortal = B6C1F4C419F967D1005CA41E /* Project object */;
			proxyType = 1;
			remoteGlobalIDString = B6C1F4CB19F967D1005CA41E;
			remoteInfo = Assignment2;
		};
/* End PBXContainerItemProxy section */

/* Begin PBXFileReference section */
		B6C1F4CC19F967D1005CA41E /* Assignment2.app */ = {isa = PBXFileReference; explicitFileType = wrapper.application; includeInIndex = 0; path = Assignment2.app; sourceTree = BUILT_PRODUCTS_DIR; };
		B6C1F4D019F967D1005CA41E /* Info.plist */ = {isa = PBXFileReference; lastKnownFileType = text.plist.xml; path = Info.plist; sourceTree = "<group>"; };
		B6C1F4D119F967D1005CA41E /* AppDelegate.swift */ = {isa = PBXFileReference; lastKnownFileType = sourcecode.swift; path = AppDelegate.swift; sourceTree = "<group>"; };
		B6C1F4D319F967D1005CA41E /* ViewController.swift */ = {isa = PBXFileReference; lastKnownFileType = sourcecode.swift; path = ViewController.swift; sourceTree = "<group>"; };
		B6C1F4D619F967D1005CA41E /* Base */ = {isa = PBXFileReference; lastKnownFileType = file.storyboard; name = Base; path = Base.lproj/Main.storyboard; sourceTree = "<group>"; };
		B6C1F4D819F967D1005CA41E /* Images.xcassets */ = {isa = PBXFileReference; lastKnownFileType = folder.assetcatalog; path = Images.xcassets; sourceTree = "<group>"; };
		B6C1F4DB19F967D1005CA41E /* Base */ = {isa = PBXFileReference; lastKnownFileType = file.xib; name = Base; path = Base.lproj/LaunchScreen.xib; sourceTree = "<group>"; };
		B6C1F4E119F967D1005CA41E /* Assignment2Tests.xctest */ = {isa = PBXFileReference; explicitFileType = wrapper.cfbundle; includeInIndex = 0; path = Assignment2Tests.xctest; sourceTree = BUILT_PRODUCTS_DIR; };
		B6C1F4E619F967D1005CA41E /* Info.plist */ = {isa = PBXFileReference; lastKnownFileType = text.plist.xml; path = Info.plist; sourceTree = "<group>"; };
		B6C1F4E719F967D2005CA41E /* Assignment2Tests.swift */ = {isa = PBXFileReference; lastKnownFileType = sourcecode.swift; path = Assignment2Tests.swift; sourceTree = "<group>"; };
/* End PBXFileReference section */

/* Begin PBXFrameworksBuildPhase section */
		B6C1F4C919F967D1005CA41E /* Frameworks */ = {
			isa = PBXFrameworksBuildPhase;
			buildActionMask = 2147483647;
			files = (
			);
			runOnlyForDeploymentPostprocessing = 0;
		};
		B6C1F4DE19F967D1005CA41E /* Frameworks */ = {
			isa = PBXFrameworksBuildPhase;
			buildActionMask = 2147483647;
			files = (
			);
			runOnlyForDeploymentPostprocessing = 0;
		};
/* End PBXFrameworksBuildPhase section */

/* Begin PBXGroup section */
		B6C1F4C319F967D1005CA41E = {
			isa = PBXGroup;
			children = (
				B6C1F4CE19F967D1005CA41E /* Assignment2 */,
				B6C1F4E419F967D1005CA41E /* Assignment2Tests */,
				B6C1F4CD19F967D1005CA41E /* Products */,
			);
			sourceTree = "<group>";
		};
		B6C1F4CD19F967D1005CA41E /* Products */ = {
			isa = PBXGroup;
			children = (
				B6C1F4CC19F967D1005CA41E /* Assignment2.app */,
				B6C1F4E119F967D1005CA41E /* Assignment2Tests.xctest */,
			);
			name = Products;
			sourceTree = "<group>";
		};
		B6C1F4CE19F967D1005CA41E /* Assignment2 */ = {
			isa = PBXGroup;
			children = (
				B6C1F4D119F967D1005CA41E /* AppDelegate.swift */,
				B6C1F4D319F967D1005CA41E /* ViewController.swift */,
				B6C1F4D519F967D1005CA41E /* Main.storyboard */,
				B6C1F4D819F967D1005CA41E /* Images.xcassets */,
				B6C1F4DA19F967D1005CA41E /* LaunchScreen.xib */,
				B6C1F4CF19F967D1005CA41E /* Supporting Files */,
			);
			path = Assignment2;
			sourceTree = "<group>";
		};
		B6C1F4CF19F967D1005CA41E /* Supporting Files */ = {
			isa = PBXGroup;
			children = (
				B6C1F4D019F967D1005CA41E /* Info.plist */,
			);
			name = "Supporting Files";
			sourceTree = "<group>";
		};
		B6C1F4E419F967D1005CA41E /* Assignment2Tests */ = {
			isa = PBXGroup;
			children = (
				B6C1F4E719F967D2005CA41E /* Assignment2Tests.swift */,
				B6C1F4E519F967D1005CA41E /* Supporting Files */,
			);
			path = Assignment2Tests;
			sourceTree = "<group>";
		};
		B6C1F4E519F967D1005CA41E /* Supporting Files */ = {
			isa = PBXGroup;
			children = (
				B6C1F4E619F967D1005CA41E /* Info.plist */,
			);
			name = "Supporting Files";
			sourceTree = "<group>";
		};
/* End PBXGroup section */

/* Begin PBXNativeTarget section */
		B6C1F4CB19F967D1005CA41E /* Assignment2 */ = {
			isa = PBXNativeTarget;
			buildConfigurationList = B6C1F4EB19F967D2005CA41E /* Build configuration list for PBXNativeTarget "Assignment2" */;
			buildPhases = (
				B6C1F4C819F967D1005CA41E /* Sources */,
				B6C1F4C919F967D1005CA41E /* Frameworks */,
				B6C1F4CA19F967D1005CA41E /* Resources */,
			);
			buildRules = (
			);
			dependencies = (
			);
			name = Assignment2;
			productName = Assignment2;
			productReference = B6C1F4CC19F967D1005CA41E /* Assignment2.app */;
			productType = "com.apple.product-type.application";
		};
		B6C1F4E019F967D1005CA41E /* Assignment2Tests */ = {
			isa = PBXNativeTarget;
			buildConfigurationList = B6C1F4EE19F967D2005CA41E /* Build configuration list for PBXNativeTarget "Assignment2Tests" */;
			buildPhases = (
				B6C1F4DD19F967D1005CA41E /* Sources */,
				B6C1F4DE19F967D1005CA41E /* Frameworks */,
				B6C1F4DF19F967D1005CA41E /* Resources */,
			);
			buildRules = (
			);
			dependencies = (
				B6C1F4E319F967D1005CA41E /* PBXTargetDependency */,
			);
			name = Assignment2Tests;
			productName = Assignment2Tests;
			productReference = B6C1F4E119F967D1005CA41E /* Assignment2Tests.xctest */;
			productType = "com.apple.product-type.bundle.unit-test";
		};
/* End PBXNativeTarget section */

/* Begin PBXProject section */
		B6C1F4C419F967D1005CA41E /* Project object */ = {
			isa = PBXProject;
			attributes = {
				LastUpgradeCheck = 0610;
				ORGANIZATIONNAME = cemre;
				TargetAttributes = {
					B6C1F4CB19F967D1005CA41E = {
						CreatedOnToolsVersion = 6.1;
					};
					B6C1F4E019F967D1005CA41E = {
						CreatedOnToolsVersion = 6.1;
						TestTargetID = B6C1F4CB19F967D1005CA41E;
					};
				};
			};
			buildConfigurationList = B6C1F4C719F967D1005CA41E /* Build configuration list for PBXProject "Assignment2" */;
			compatibilityVersion = "Xcode 3.2";
			developmentRegion = English;
			hasScannedForEncodings = 0;
			knownRegions = (
				en,
				Base,
			);
			mainGroup = B6C1F4C319F967D1005CA41E;
			productRefGroup = B6C1F4CD19F967D1005CA41E /* Products */;
			projectDirPath = "";
			projectRoot = "";
			targets = (
				B6C1F4CB19F967D1005CA41E /* Assignment2 */,
				B6C1F4E019F967D1005CA41E /* Assignment2Tests */,
			);
		};
/* End PBXProject section */

/* Begin PBXResourcesBuildPhase section */
		B6C1F4CA19F967D1005CA41E /* Resources */ = {
			isa = PBXResourcesBuildPhase;
			buildActionMask = 2147483647;
			files = (
				B6C1F4D719F967D1005CA41E /* Main.storyboard in Resources */,
				B6C1F4DC19F967D1005CA41E /* LaunchScreen.xib in Resources */,
				B6C1F4D919F967D1005CA41E /* Images.xcassets in Resources */,
			);
			runOnlyForDeploymentPostprocessing = 0;
		};
		B6C1F4DF19F967D1005CA41E /* Resources */ = {
			isa = PBXResourcesBuildPhase;
			buildActionMask = 2147483647;
			files = (
			);
			runOnlyForDeploymentPostprocessing = 0;
		};
/* End PBXResourcesBuildPhase section */

/* Begin PBXSourcesBuildPhase section */
		B6C1F4C819F967D1005CA41E /* Sources */ = {
			isa = PBXSourcesBuildPhase;
			buildActionMask = 2147483647;
			files = (
				B6C1F4D419F967D1005CA41E /* ViewController.swift in Sources */,
				B6C1F4D219F967D1005CA41E /* AppDelegate.swift in Sources */,
			);
			runOnlyForDeploymentPostprocessing = 0;
		};
		B6C1F4DD19F967D1005CA41E /* Sources */ = {
			isa = PBXSourcesBuildPhase;
			buildActionMask = 2147483647;
			files = (
				B6C1F4E819F967D2005CA41E /* Assignment2Tests.swift in Sources */,
			);
			runOnlyForDeploymentPostprocessing = 0;
		};
/* End PBXSourcesBuildPhase section */

/* Begin PBXTargetDependency section */
		B6C1F4E319F967D1005CA41E /* PBXTargetDependency */ = {
			isa = PBXTargetDependency;
			target = B6C1F4CB19F967D1005CA41E /* Assignment2 */;
			targetProxy = B6C1F4E219F967D1005CA41E /* PBXContainerItemProxy */;
		};
/* End PBXTargetDependency section */

/* Begin PBXVariantGroup section */
		B6C1F4D519F967D1005CA41E /* Main.storyboard */ = {
			isa = PBXVariantGroup;
			children = (
				B6C1F4D619F967D1005CA41E /* Base */,
			);
			name = Main.storyboard;
			sourceTree = "<group>";
		};
		B6C1F4DA19F967D1005CA41E /* LaunchScreen.xib */ = {
			isa = PBXVariantGroup;
			children = (
				B6C1F4DB19F967D1005CA41E /* Base */,
			);
			name = LaunchScreen.xib;
			sourceTree = "<group>";
		};
/* End PBXVariantGroup section */

/* Begin XCBuildConfiguration section */
		B6C1F4E919F967D2005CA41E /* Debug */ = {
			isa = XCBuildConfiguration;
			buildSettings = {
				ALWAYS_SEARCH_USER_PATHS = NO;
				CLANG_CXX_LANGUAGE_STANDARD = "gnu++0x";
				CLANG_CXX_LIBRARY = "libc++";
				CLANG_ENABLE_MODULES = YES;
				CLANG_ENABLE_OBJC_ARC = YES;
				CLANG_WARN_BOOL_CONVERSION = YES;
				CLANG_WARN_CONSTANT_CONVERSION = YES;
				CLANG_WARN_DIRECT_OBJC_ISA_USAGE = YES_ERROR;
				CLANG_WARN_EMPTY_BODY = YES;
				CLANG_WARN_ENUM_CONVERSION = YES;
				CLANG_WARN_INT_CONVERSION = YES;
				CLANG_WARN_OBJC_ROOT_CLASS = YES_ERROR;
				CLANG_WARN_UNREACHABLE_CODE = YES;
				CLANG_WARN__DUPLICATE_METHOD_MATCH = YES;
				"CODE_SIGN_IDENTITY[sdk=iphoneos*]" = "iPhone Developer";
				COPY_PHASE_STRIP = NO;
				ENABLE_STRICT_OBJC_MSGSEND = YES;
				GCC_C_LANGUAGE_STANDARD = gnu99;
				GCC_DYNAMIC_NO_PIC = NO;
				GCC_OPTIMIZATION_LEVEL = 0;
				GCC_PREPROCESSOR_DEFINITIONS = (
					"DEBUG=1",
					"$(inherited)",
				);
				GCC_SYMBOLS_PRIVATE_EXTERN = NO;
				GCC_WARN_64_TO_32_BIT_CONVERSION = YES;
				GCC_WARN_ABOUT_RETURN_TYPE = YES_ERROR;
				GCC_WARN_UNDECLARED_SELECTOR = YES;
				GCC_WARN_UNINITIALIZED_AUTOS = YES_AGGRESSIVE;
				GCC_WARN_UNUSED_FUNCTION = YES;
				GCC_WARN_UNUSED_VARIABLE = YES;
				IPHONEOS_DEPLOYMENT_TARGET = 8.1;
				MTL_ENABLE_DEBUG_INFO = YES;
				ONLY_ACTIVE_ARCH = YES;
				SDKROOT = iphoneos;
				SWIFT_OPTIMIZATION_LEVEL = "-Onone";
			};
			name = Debug;
		};
		B6C1F4EA19F967D2005CA41E /* Release */ = {
			isa = XCBuildConfiguration;
			buildSettings = {
				ALWAYS_SEARCH_USER_PATHS = NO;
				CLANG_CXX_LANGUAGE_STANDARD = "gnu++0x";
				CLANG_CXX_LIBRARY = "libc++";
				CLANG_ENABLE_MODULES = YES;
				CLANG_ENABLE_OBJC_ARC = YES;
				CLANG_WARN_BOOL_CONVERSION = YES;
				CLANG_WARN_CONSTANT_CONVERSION = YES;
				CLANG_WARN_DIRECT_OBJC_ISA_USAGE = YES_ERROR;
				CLANG_WARN_EMPTY_BODY = YES;
				CLANG_WARN_ENUM_CONVERSION = YES;
				CLANG_WARN_INT_CONVERSION = YES;
				CLANG_WARN_OBJC_ROOT_CLASS = YES_ERROR;
				CLANG_WARN_UNREACHABLE_CODE = YES;
				CLANG_WARN__DUPLICATE_METHOD_MATCH = YES;
				"CODE_SIGN_IDENTITY[sdk=iphoneos*]" = "iPhone Developer";
				COPY_PHASE_STRIP = YES;
				ENABLE_NS_ASSERTIONS = NO;
				ENABLE_STRICT_OBJC_MSGSEND = YES;
				GCC_C_LANGUAGE_STANDARD = gnu99;
				GCC_WARN_64_TO_32_BIT_CONVERSION = YES;
				GCC_WARN_ABOUT_RETURN_TYPE = YES_ERROR;
				GCC_WARN_UNDECLARED_SELECTOR = YES;
				GCC_WARN_UNINITIALIZED_AUTOS = YES_AGGRESSIVE;
				GCC_WARN_UNUSED_FUNCTION = YES;
				GCC_WARN_UNUSED_VARIABLE = YES;
				IPHONEOS_DEPLOYMENT_TARGET = 8.1;
				MTL_ENABLE_DEBUG_INFO = NO;
				SDKROOT = iphoneos;
				VALIDATE_PRODUCT = YES;
			};
			name = Release;
		};
		B6C1F4EC19F967D2005CA41E /* Debug */ = {
			isa = XCBuildConfiguration;
			buildSettings = {
				ASSETCATALOG_COMPILER_APPICON_NAME = AppIcon;
				INFOPLIST_FILE = Assignment2/Info.plist;
				LD_RUNPATH_SEARCH_PATHS = "$(inherited) @executable_path/Frameworks";
				PRODUCT_NAME = "$(TARGET_NAME)";
			};
			name = Debug;
		};
		B6C1F4ED19F967D2005CA41E /* Release */ = {
			isa = XCBuildConfiguration;
			buildSettings = {
				ASSETCATALOG_COMPILER_APPICON_NAME = AppIcon;
				INFOPLIST_FILE = Assignment2/Info.plist;
				LD_RUNPATH_SEARCH_PATHS = "$(inherited) @executable_path/Frameworks";
				PRODUCT_NAME = "$(TARGET_NAME)";
			};
			name = Release;
		};
		B6C1F4EF19F967D2005CA41E /* Debug */ = {
			isa = XCBuildConfiguration;
			buildSettings = {
				BUNDLE_LOADER = "$(TEST_HOST)";
				FRAMEWORK_SEARCH_PATHS = (
					"$(SDKROOT)/Developer/Library/Frameworks",
					"$(inherited)",
				);
				GCC_PREPROCESSOR_DEFINITIONS = (
					"DEBUG=1",
					"$(inherited)",
				);
				INFOPLIST_FILE = Assignment2Tests/Info.plist;
				LD_RUNPATH_SEARCH_PATHS = "$(inherited) @executable_path/Frameworks @loader_path/Frameworks";
				PRODUCT_NAME = "$(TARGET_NAME)";
				TEST_HOST = "$(BUILT_PRODUCTS_DIR)/Assignment2.app/Assignment2";
			};
			name = Debug;
		};
		B6C1F4F019F967D2005CA41E /* Release */ = {
			isa = XCBuildConfiguration;
			buildSettings = {
				BUNDLE_LOADER = "$(TEST_HOST)";
				FRAMEWORK_SEARCH_PATHS = (
					"$(SDKROOT)/Developer/Library/Frameworks",
					"$(inherited)",
				);
				INFOPLIST_FILE = Assignment2Tests/Info.plist;
				LD_RUNPATH_SEARCH_PATHS = "$(inherited) @executable_path/Frameworks @loader_path/Frameworks";
				PRODUCT_NAME = "$(TARGET_NAME)";
				TEST_HOST = "$(BUILT_PRODUCTS_DIR)/Assignment2.app/Assignment2";
			};
			name = Release;
		};
/* End XCBuildConfiguration section */

/* Begin XCConfigurationList section */
		B6C1F4C719F967D1005CA41E /* Build configuration list for PBXProject "Assignment2" */ = {
			isa = XCConfigurationList;
			buildConfigurations = (
				B6C1F4E919F967D2005CA41E /* Debug */,
				B6C1F4EA19F967D2005CA41E /* Release */,
			);
			defaultConfigurationIsVisible = 0;
			defaultConfigurationName = Release;
		};
		B6C1F4EB19F967D2005CA41E /* Build configuration list for PBXNativeTarget "Assignment2" */ = {
			isa = XCConfigurationList;
			buildConfigurations = (
				B6C1F4EC19F967D2005CA41E /* Debug */,
				B6C1F4ED19F967D2005CA41E /* Release */,
			);
			defaultConfigurationIsVisible = 0;
		};
		B6C1F4EE19F967D2005CA41E /* Build configuration list for PBXNativeTarget "Assignment2Tests" */ = {
			isa = XCConfigurationList;
			buildConfigurations = (
				B6C1F4EF19F967D2005CA41E /* Debug */,
				B6C1F4F019F967D2005CA41E /* Release */,
			);
			defaultConfigurationIsVisible = 0;
		};
/* End XCConfigurationList section */
	};
	rootObject = B6C1F4C419F967D1005CA41E /* Project object */;
}
